
Microsoft Visual Studio Solution File, Format Version 12.00
# Visual Studio Version 16
VisualStudioVersion = 16.0.29009.5
MinimumVisualStudioVersion = 10.0.40219.1
Project("{FAE04EC0-301F-11D3-BF4B-00C04F79EFBC}") = "exercise 1", "exercise 1\exercise 1.csproj", "{587DB182-FFA2-4839-B070-024074266329}"
EndProject
Global
	GlobalSection(SolutionConfigurationPlatforms) = preSolution
		Debug|Any CPU = Debug|Any CPU
		Release|Any CPU = Release|Any CPU
	EndGlobalSection
	GlobalSection(ProjectConfigurationPlatforms) = postSolution
		{587DB182-FFA2-4839-B070-024074266329}.Debug|Any CPU.ActiveCfg = Debug|Any CPU
		{587DB182-FFA2-4839-B070-024074266329}.Debug|Any CPU.Build.0 = Debug|Any CPU
		{587DB182-FFA2-4839-B070-024074266329}.Release|Any CPU.ActiveCfg = Release|Any CPU
		{587DB182-FFA2-4839-B070-024074266329}.Release|Any CPU.Build.0 = Release|Any CPU
	EndGlobalSection
	GlobalSection(SolutionProperties) = preSolution
		HideSolutionNode = FALSE
	EndGlobalSection
	GlobalSection(ExtensibilityGlobals) = postSolution
		SolutionGuid = {567741D6-0ED8-42D9-9F8E-BE11B1CC2BCD}
	EndGlobalSection
EndGlobal
